
Microsoft Visual Studio Solution File, Format Version 12.00
# Visual Studio Version 16
VisualStudioVersion = 16.0.30128.74
MinimumVisualStudioVersion = 10.0.40219.1
Project("{9A19103F-16F7-4668-BE54-9A1E7A4F7556}") = "EventHubsSender", "EventHubsSender\EventHubsSender.csproj", "{96DB85C5-40D8-4297-9B9D-521A886E365B}"
EndProject
Project("{9A19103F-16F7-4668-BE54-9A1E7A4F7556}") = "EventHubsReceiver", "EventHubsReceiver\EventHubsReceiver.csproj", "{C9CD112E-89A7-4A76-8592-164655274D95}"
EndProject
Project("{9A19103F-16F7-4668-BE54-9A1E7A4F7556}") = "IntegrationFlow", "IntegrationFlow\IntegrationFlow.csproj", "{BC457026-DA2A-4C29-B757-14635504E6B1}"
EndProject
Global
	GlobalSection(SolutionConfigurationPlatforms) = preSolution
		Debug|Any CPU = Debug|Any CPU
		Release|Any CPU = Release|Any CPU
	EndGlobalSection
	GlobalSection(ProjectConfigurationPlatforms) = postSolution
		{96DB85C5-40D8-4297-9B9D-521A886E365B}.Debug|Any CPU.ActiveCfg = Debug|Any CPU
		{96DB85C5-40D8-4297-9B9D-521A886E365B}.Debug|Any CPU.Build.0 = Debug|Any CPU
		{96DB85C5-40D8-4297-9B9D-521A886E365B}.Release|Any CPU.ActiveCfg = Release|Any CPU
		{96DB85C5-40D8-4297-9B9D-521A886E365B}.Release|Any CPU.Build.0 = Release|Any CPU
		{C9CD112E-89A7-4A76-8592-164655274D95}.Debug|Any CPU.ActiveCfg = Debug|Any CPU
		{C9CD112E-89A7-4A76-8592-164655274D95}.Debug|Any CPU.Build.0 = Debug|Any CPU
		{C9CD112E-89A7-4A76-8592-164655274D95}.Release|Any CPU.ActiveCfg = Release|Any CPU
		{C9CD112E-89A7-4A76-8592-164655274D95}.Release|Any CPU.Build.0 = Release|Any CPU
		{BC457026-DA2A-4C29-B757-14635504E6B1}.Debug|Any CPU.ActiveCfg = Debug|Any CPU
		{BC457026-DA2A-4C29-B757-14635504E6B1}.Debug|Any CPU.Build.0 = Debug|Any CPU
		{BC457026-DA2A-4C29-B757-14635504E6B1}.Release|Any CPU.ActiveCfg = Release|Any CPU
		{BC457026-DA2A-4C29-B757-14635504E6B1}.Release|Any CPU.Build.0 = Release|Any CPU
	EndGlobalSection
	GlobalSection(SolutionProperties) = preSolution
		HideSolutionNode = FALSE
	EndGlobalSection
	GlobalSection(ExtensibilityGlobals) = postSolution
		SolutionGuid = {1C59E065-8BBF-4091-9957-0644D5F89980}
	EndGlobalSection
EndGlobal
